
Microsoft Visual Studio Solution File, Format Version 12.00
# Visual Studio Version 17
VisualStudioVersion = 17.8.34330.188
MinimumVisualStudioVersion = 10.0.40219.1
Project("{FAE04EC0-301F-11D3-BF4B-00C04F79EFBC}") = "AlgorithmsVisualizer", "AlgorithmsVisualizer\AlgorithmsVisualizer.csproj", "{1A957F54-777E-47DE-8BE9-C80DF5F59F32}"
EndProject
Global
	GlobalSection(SolutionConfigurationPlatforms) = preSolution
		Debug|Any CPU = Debug|Any CPU
		Release|Any CPU = Release|Any CPU
	EndGlobalSection
	GlobalSection(ProjectConfigurationPlatforms) = postSolution
		{1A957F54-777E-47DE-8BE9-C80DF5F59F32}.Debug|Any CPU.ActiveCfg = Debug|Any CPU
		{1A957F54-777E-47DE-8BE9-C80DF5F59F32}.Debug|Any CPU.Build.0 = Debug|Any CPU
		{1A957F54-777E-47DE-8BE9-C80DF5F59F32}.Release|Any CPU.ActiveCfg = Release|Any CPU
		{1A957F54-777E-47DE-8BE9-C80DF5F59F32}.Release|Any CPU.Build.0 = Release|Any CPU
	EndGlobalSection
	GlobalSection(SolutionProperties) = preSolution
		HideSolutionNode = FALSE
	EndGlobalSection
	GlobalSection(ExtensibilityGlobals) = postSolution
		SolutionGuid = {178F279D-513E-4249-B94C-7A7A860A800A}
	EndGlobalSection
EndGlobal
